
Microsoft Visual Studio Solution File, Format Version 12.00
# Visual Studio 15
VisualStudioVersion = 15.0.28307.489
MinimumVisualStudioVersion = 10.0.40219.1
Project("{FAE04EC0-301F-11D3-BF4B-00C04F79EFBC}") = "FestivalApp.API", "FestivalApp.API\FestivalApp.API.csproj", "{EBA67267-A110-4035-8C76-7F7AB899E9BC}"
EndProject
Project("{FAE04EC0-301F-11D3-BF4B-00C04F79EFBC}") = "FestivalApp.Services", "FestivalApp.Services\FestivalApp.Services.csproj", "{7CBC0796-7C34-4ACE-9E79-E3DC5818570B}"
EndProject
Global
	GlobalSection(SolutionConfigurationPlatforms) = preSolution
		Debug|Any CPU = Debug|Any CPU
		Release|Any CPU = Release|Any CPU
	EndGlobalSection
	GlobalSection(ProjectConfigurationPlatforms) = postSolution
		{EBA67267-A110-4035-8C76-7F7AB899E9BC}.Debug|Any CPU.ActiveCfg = Debug|Any CPU
		{EBA67267-A110-4035-8C76-7F7AB899E9BC}.Debug|Any CPU.Build.0 = Debug|Any CPU
		{EBA67267-A110-4035-8C76-7F7AB899E9BC}.Release|Any CPU.ActiveCfg = Release|Any CPU
		{EBA67267-A110-4035-8C76-7F7AB899E9BC}.Release|Any CPU.Build.0 = Release|Any CPU
		{7CBC0796-7C34-4ACE-9E79-E3DC5818570B}.Debug|Any CPU.ActiveCfg = Debug|Any CPU
		{7CBC0796-7C34-4ACE-9E79-E3DC5818570B}.Debug|Any CPU.Build.0 = Debug|Any CPU
		{7CBC0796-7C34-4ACE-9E79-E3DC5818570B}.Release|Any CPU.ActiveCfg = Release|Any CPU
		{7CBC0796-7C34-4ACE-9E79-E3DC5818570B}.Release|Any CPU.Build.0 = Release|Any CPU
	EndGlobalSection
	GlobalSection(SolutionProperties) = preSolution
		HideSolutionNode = FALSE
	EndGlobalSection
	GlobalSection(ExtensibilityGlobals) = postSolution
		SolutionGuid = {A6D1AB95-8A08-4040-996F-F317D82E2733}
	EndGlobalSection
EndGlobal
